github.com/groob/plist v0.0.0-20200425180238-0f631f258c01 h1:0T3XGXebqLj7zSVLng9wX9axQzTEnvj/h6eT7iLfUas=
github.com/groob/plist v0.0.0-20200425180238-0f631f258c01/go.mod h1:itkABA+w2cw7x5nYUS/pLRef6ludkZKOigbROmCTaFw=
github.com/remoteit/systemkit-logging v1.8.6 h1:vpM55Ft5/A5FcWR9JqjIyR5517WLlPNEfkvnuJrm5ic=
github.com/remoteit/systemkit-logging v1.8.6/go.mod h1:UIXArHbQPsiyx/2STjyxYmqOtPhF8j0GwGTIay1FjMk=
github.com/remoteit/systemkit-service-encoders-launchd v1.0.2 h1:EZ0A4RbaxS1egMFHsKXgJG7MY/Tpoc13v+Niu8Wk8VE=
github.com/remoteit/systemkit-service-encoders-launchd v1.0.2/go.mod h1:x+tojh6BDqBggnwB1/FKKE7F2cAztiklKGYfs1zzzpQ=
github.com/remoteit/systemkit-service-encoders-rc_d v1.0.3 h1:9aem+jiQ00LOcCkgY5FtKrIBNm9NFGoqShUpc6YuilM=
github.com/remoteit/systemkit-service-encoders-rc_d v1.0.3/go.mod h1:mqzsjDCaVS+GIw0wRw2m2SoA6sFBHMBehEE5ZxSB4rs=
github.com/remoteit/systemkit-service-encoders-systemd v1.0.5 h1:jBi/LCcyd9rBXzra/s8MLk8+vJ/kNpM5rqfYhPsjUFs=
github.com/remoteit/systemkit-service-encoders-systemd v1.0.5/go.mod h1:EjQH7QHrnIak2Xv3cCQy3TubZNiFVYxvxznJVvL0uAE=
github.com/remoteit/systemkit-service-encoders-systemv v1.0.3 h1:+auY7WtAzCHLF7z13gV8PIQAssd1QrUbUj3K2r/v4/0=
github.com/remoteit/systemkit-service-encoders-systemv v1.0.3/go.mod h1:dVcgjmj8+WUis27T7nzGTHdAnt1OkEAz7clkXDt1N7E=
github.com/remoteit/systemkit-service-encoders-upstart v1.0.3 h1:vQ9e4HIp17HmkZLg9nmDXc2WH4drhKAaHzib33wDQBA=
github.com/remoteit/systemkit-service-encoders-upstart v1.0.3/go.mod h1:c0iWgnsAskombQTaYoeqEvMZT/e+p4HOr/Ox1Q1WweA=
github.com/remoteit/systemkit-service-spec v1.0.3 h1:ex3LMZn82B43jWtveVvHnV3Axp3Bs7NredIJ+POTTro=
github.com/remoteit/systemkit-service-spec v1.0.3/go.mod h1:1tQYLwDSBo3T5fUUEZw86o8Qji4sWvTYoDu0jfV464E=
golang.org/x/sys v0.0.0-20210124154548-22da62e12c0c h1:VwygUrnw9jn88c4u8GD3rZQbqrP/tgas88tPUbBxQrk=
golang.org/x/sys v0.0.0-20210124154548-22da62e12c0c/go.mod h1:h1NjWce9XRLGQEsW7wpKNCjG9DtNlClVuFLEZdDNbEs=
