github.com/groob/plist v0.0.0-20200425180238-0f631f258c01 h1:0T3XGXebqLj7zSVLng9wX9axQzTEnvj/h6eT7iLfUas=
github.com/groob/plist v0.0.0-20200425180238-0f631f258c01/go.mod h1:itkABA+w2cw7x5nYUS/pLRef6ludkZKOigbROmCTaFw=
github.com/remoteit/systemkit-logging v1.8.5 h1:Fd462u1+hU8Pvogg6p1ZC1Iyws4XoY1CIyJyg+hTji8=
github.com/remoteit/systemkit-logging v1.8.5/go.mod h1:ZTjBv0PVNAIE+9cW1S5lJrz2hMMP9sRTtZCfhRsxJ/c=
github.com/remoteit/systemkit-service-encoders-launchd v1.0.1 h1:D+ZIz+FD4qLEaQNYdNpeW2z6Mke3XP+qFfktzeop1h4=
github.com/remoteit/systemkit-service-encoders-launchd v1.0.1/go.mod h1:6b3rhx2xUPcAVslnwID+nFAg4F64veReNsb+9Yr2mZk=
github.com/remoteit/systemkit-service-encoders-rc_d v1.0.2 h1:BOnW7PYGE4jXqLGlmV0EAtDyEU3fJHjNqEe6MXhxr+Q=
github.com/remoteit/systemkit-service-encoders-rc_d v1.0.2/go.mod h1:tMEilFwJSz+XegVWWHu7vTq4DWFgDuL5RbLzmwC+2wM=
github.com/remoteit/systemkit-service-encoders-systemd v1.0.4 h1:Jjisxs6Mn1crM4GVLVXLp6ao80MRGN/Q1dWq5yrNGFs=
github.com/remoteit/systemkit-service-encoders-systemd v1.0.4/go.mod h1:ZLmyvYlE/ecol4lX9iUJS29MAhJ8EdBE/KYl/i8f26Y=
github.com/remoteit/systemkit-service-encoders-systemv v1.0.2 h1:TBPhULTfla11CIOHjoMQGEUNL7tu3UIaPFDeWq16GZs=
github.com/remoteit/systemkit-service-encoders-systemv v1.0.2/go.mod h1:R8obX8hKobe2ay8vexkSP86OAohN3zrlDplXZBx2MHA=
github.com/remoteit/systemkit-service-encoders-upstart v1.0.2 h1:myboR+QNJ2IH6AGaVmpwmkmt481Tiz6GUjZLo2JqHXs=
github.com/remoteit/systemkit-service-encoders-upstart v1.0.2/go.mod h1:c+4OxzkAcOsbGpFk+tdwyb/59Qg+bAhRSDkMI+Pwo1M=
github.com/remoteit/systemkit-service-spec v1.0.2 h1:ZvQihcxtDGKkQzlFpnUMlYGeObbQtbpS8uop7w6sjhw=
github.com/remoteit/systemkit-service-spec v1.0.2/go.mod h1:v9kpzYh0Z+74Bz5rCW0/qTEQUIY/eWBnkBTHFEimO9o=
golang.org/x/sys v0.0.0-20201015000850-e3ed0017c211 h1:9UQO31fZ+0aKQOFldThf7BKPMJTiBfWycGh/u3UoO88=
golang.org/x/sys v0.0.0-20201015000850-e3ed0017c211/go.mod h1:h1NjWce9XRLGQEsW7wpKNCjG9DtNlClVuFLEZdDNbEs=
